// !$*UTF8*$!
{
	archiveVersion = 1;
	classes = {
	};
	objectVersion = 46;
	objects = {

/* Begin PBXBuildFile section */
		1D2199EE71421E4C3491B7D2 /* Pods_webrtcClientTutorialpoint.framework in Frameworks */ = {isa = PBXBuildFile; fileRef = CE65BEEFEAD5CAF35ECEB3CC /* Pods_webrtcClientTutorialpoint.framework */; };
		A2803558D398CD137F204952 /* Pods_webrtcClientTutorialpointUITests.framework in Frameworks */ = {isa = PBXBuildFile; fileRef = D5C9EE094B999207A93C15DD /* Pods_webrtcClientTutorialpointUITests.framework */; };
		DABB4ED01EE1615B00443018 /* AppDelegate.swift in Sources */ = {isa = PBXBuildFile; fileRef = DABB4ECF1EE1615B00443018 /* AppDelegate.swift */; };
		DABB4ED21EE1615B00443018 /* ViewController.swift in Sources */ = {isa = PBXBuildFile; fileRef = DABB4ED11EE1615B00443018 /* ViewController.swift */; };
		DABB4ED51EE1615B00443018 /* Main.storyboard in Resources */ = {isa = PBXBuildFile; fileRef = DABB4ED31EE1615B00443018 /* Main.storyboard */; };
		DABB4ED71EE1615B00443018 /* Assets.xcassets in Resources */ = {isa = PBXBuildFile; fileRef = DABB4ED61EE1615B00443018 /* Assets.xcassets */; };
		DABB4EDA1EE1615B00443018 /* LaunchScreen.storyboard in Resources */ = {isa = PBXBuildFile; fileRef = DABB4ED81EE1615B00443018 /* LaunchScreen.storyboard */; };
		DABB4EE51EE1615B00443018 /* webrtcClientTutorialpointTests.swift in Sources */ = {isa = PBXBuildFile; fileRef = DABB4EE41EE1615B00443018 /* webrtcClientTutorialpointTests.swift */; };
		DABB4EF01EE1615B00443018 /* webrtcClientTutorialpointUITests.swift in Sources */ = {isa = PBXBuildFile; fileRef = DABB4EEF1EE1615B00443018 /* webrtcClientTutorialpointUITests.swift */; };
		DABB4F021EE1732700443018 /* extensions.swift in Sources */ = {isa = PBXBuildFile; fileRef = DABB4F011EE1732700443018 /* extensions.swift */; };
		DADFD08F1EE9158E003B7981 /* RTCVideoViewController.swift in Sources */ = {isa = PBXBuildFile; fileRef = DADFD08E1EE9158E003B7981 /* RTCVideoViewController.swift */; };
		FFD035FDF25C153845D7E13C /* Pods_webrtcClientTutorialpointTests.framework in Frameworks */ = {isa = PBXBuildFile; fileRef = C86FBA7A2FC9F63C3B50FCA7 /* Pods_webrtcClientTutorialpointTests.framework */; };
/* End PBXBuildFile section */

/* Begin PBXContainerItemProxy section */
		DABB4EE11EE1615B00443018 /* PBXContainerItemProxy */ = {
			isa = PBXContainerItemProxy;
			containerPortal = DABB4EC41EE1615B00443018 /* Project object */;
			proxyType = 1;
			remoteGlobalIDString = DABB4ECB1EE1615B00443018;
			remoteInfo = webrtcClientTutorialpoint;
		};
		DABB4EEC1EE1615B00443018 /* PBXContainerItemProxy */ = {
			isa = PBXContainerItemProxy;
			containerPortal = DABB4EC41EE1615B00443018 /* Project object */;
			proxyType = 1;
			remoteGlobalIDString = DABB4ECB1EE1615B00443018;
			remoteInfo = webrtcClientTutorialpoint;
		};
/* End PBXContainerItemProxy section */

/* Begin PBXFileReference section */
		1DB329128E6FC04A6B60DF8A /* Pods-webrtcClientTutorialpoint.debug.xcconfig */ = {isa = PBXFileReference; includeInIndex = 1; lastKnownFileType = text.xcconfig; name = "Pods-webrtcClientTutorialpoint.debug.xcconfig"; path = "Pods/Target Support Files/Pods-webrtcClientTutorialpoint/Pods-webrtcClientTutorialpoint.debug.xcconfig"; sourceTree = "<group>"; };
		4C47B078586EB129720028CE /* Pods-webrtcClientTutorialpointTests.release.xcconfig */ = {isa = PBXFileReference; includeInIndex = 1; lastKnownFileType = text.xcconfig; name = "Pods-webrtcClientTutorialpointTests.release.xcconfig"; path = "Pods/Target Support Files/Pods-webrtcClientTutorialpointTests/Pods-webrtcClientTutorialpointTests.release.xcconfig"; sourceTree = "<group>"; };
		4FF8907C93C5E3773791986B /* Pods-webrtcClientTutorialpointTests.debug.xcconfig */ = {isa = PBXFileReference; includeInIndex = 1; lastKnownFileType = text.xcconfig; name = "Pods-webrtcClientTutorialpointTests.debug.xcconfig"; path = "Pods/Target Support Files/Pods-webrtcClientTutorialpointTests/Pods-webrtcClientTutorialpointTests.debug.xcconfig"; sourceTree = "<group>"; };
		71B7B09505DB8BA6E78842C7 /* Pods-webrtcClientTutorialpointUITests.release.xcconfig */ = {isa = PBXFileReference; includeInIndex = 1; lastKnownFileType = text.xcconfig; name = "Pods-webrtcClientTutorialpointUITests.release.xcconfig"; path = "Pods/Target Support Files/Pods-webrtcClientTutorialpointUITests/Pods-webrtcClientTutorialpointUITests.release.xcconfig"; sourceTree = "<group>"; };
		72602535CB2D1C6D451DDD8F /* Pods-webrtcClientTutorialpointUITests.debug.xcconfig */ = {isa = PBXFileReference; includeInIndex = 1; lastKnownFileType = text.xcconfig; name = "Pods-webrtcClientTutorialpointUITests.debug.xcconfig"; path = "Pods/Target Support Files/Pods-webrtcClientTutorialpointUITests/Pods-webrtcClientTutorialpointUITests.debug.xcconfig"; sourceTree = "<group>"; };
		A566FB3B4462A17565AB977F /* Pods-webrtcClientTutorialpoint.release.xcconfig */ = {isa = PBXFileReference; includeInIndex = 1; lastKnownFileType = text.xcconfig; name = "Pods-webrtcClientTutorialpoint.release.xcconfig"; path = "Pods/Target Support Files/Pods-webrtcClientTutorialpoint/Pods-webrtcClientTutorialpoint.release.xcconfig"; sourceTree = "<group>"; };
		C86FBA7A2FC9F63C3B50FCA7 /* Pods_webrtcClientTutorialpointTests.framework */ = {isa = PBXFileReference; explicitFileType = wrapper.framework; includeInIndex = 0; path = Pods_webrtcClientTutorialpointTests.framework; sourceTree = BUILT_PRODUCTS_DIR; };
		CE65BEEFEAD5CAF35ECEB3CC /* Pods_webrtcClientTutorialpoint.framework */ = {isa = PBXFileReference; explicitFileType = wrapper.framework; includeInIndex = 0; path = Pods_webrtcClientTutorialpoint.framework; sourceTree = BUILT_PRODUCTS_DIR; };
		D5C9EE094B999207A93C15DD /* Pods_webrtcClientTutorialpointUITests.framework */ = {isa = PBXFileReference; explicitFileType = wrapper.framework; includeInIndex = 0; path = Pods_webrtcClientTutorialpointUITests.framework; sourceTree = BUILT_PRODUCTS_DIR; };
		DABB4ECC1EE1615B00443018 /* webrtcClientTutorialpoint.app */ = {isa = PBXFileReference; explicitFileType = wrapper.application; includeInIndex = 0; path = webrtcClientTutorialpoint.app; sourceTree = BUILT_PRODUCTS_DIR; };
		DABB4ECF1EE1615B00443018 /* AppDelegate.swift */ = {isa = PBXFileReference; lastKnownFileType = sourcecode.swift; path = AppDelegate.swift; sourceTree = "<group>"; };
		DABB4ED11EE1615B00443018 /* ViewController.swift */ = {isa = PBXFileReference; lastKnownFileType = sourcecode.swift; path = ViewController.swift; sourceTree = "<group>"; };
		DABB4ED41EE1615B00443018 /* Base */ = {isa = PBXFileReference; lastKnownFileType = file.storyboard; name = Base; path = Base.lproj/Main.storyboard; sourceTree = "<group>"; };
		DABB4ED61EE1615B00443018 /* Assets.xcassets */ = {isa = PBXFileReference; lastKnownFileType = folder.assetcatalog; path = Assets.xcassets; sourceTree = "<group>"; };
		DABB4ED91EE1615B00443018 /* Base */ = {isa = PBXFileReference; lastKnownFileType = file.storyboard; name = Base; path = Base.lproj/LaunchScreen.storyboard; sourceTree = "<group>"; };
		DABB4EDB1EE1615B00443018 /* Info.plist */ = {isa = PBXFileReference; lastKnownFileType = text.plist.xml; path = Info.plist; sourceTree = "<group>"; };
		DABB4EE01EE1615B00443018 /* webrtcClientTutorialpointTests.xctest */ = {isa = PBXFileReference; explicitFileType = wrapper.cfbundle; includeInIndex = 0; path = webrtcClientTutorialpointTests.xctest; sourceTree = BUILT_PRODUCTS_DIR; };
		DABB4EE41EE1615B00443018 /* webrtcClientTutorialpointTests.swift */ = {isa = PBXFileReference; lastKnownFileType = sourcecode.swift; path = webrtcClientTutorialpointTests.swift; sourceTree = "<group>"; };
		DABB4EE61EE1615B00443018 /* Info.plist */ = {isa = PBXFileReference; lastKnownFileType = text.plist.xml; path = Info.plist; sourceTree = "<group>"; };
		DABB4EEB1EE1615B00443018 /* webrtcClientTutorialpointUITests.xctest */ = {isa = PBXFileReference; explicitFileType = wrapper.cfbundle; includeInIndex = 0; path = webrtcClientTutorialpointUITests.xctest; sourceTree = BUILT_PRODUCTS_DIR; };
		DABB4EEF1EE1615B00443018 /* webrtcClientTutorialpointUITests.swift */ = {isa = PBXFileReference; lastKnownFileType = sourcecode.swift; path = webrtcClientTutorialpointUITests.swift; sourceTree = "<group>"; };
		DABB4EF11EE1615B00443018 /* Info.plist */ = {isa = PBXFileReference; lastKnownFileType = text.plist.xml; path = Info.plist; sourceTree = "<group>"; };
		DABB4EFD1EE1668A00443018 /* webrtcClientTutorialpoint-Bridging-Header.h */ = {isa = PBXFileReference; lastKnownFileType = sourcecode.c.h; path = "webrtcClientTutorialpoint-Bridging-Header.h"; sourceTree = "<group>"; };
		DABB4F011EE1732700443018 /* extensions.swift */ = {isa = PBXFileReference; fileEncoding = 4; lastKnownFileType = sourcecode.swift; path = extensions.swift; sourceTree = "<group>"; };
		DADFD08E1EE9158E003B7981 /* RTCVideoViewController.swift */ = {isa = PBXFileReference; fileEncoding = 4; lastKnownFileType = sourcecode.swift; path = RTCVideoViewController.swift; sourceTree = "<group>"; };
/* End PBXFileReference section */

/* Begin PBXFrameworksBuildPhase section */
		DABB4EC91EE1615B00443018 /* Frameworks */ = {
			isa = PBXFrameworksBuildPhase;
			buildActionMask = 2147483647;
			files = (
				1D2199EE71421E4C3491B7D2 /* Pods_webrtcClientTutorialpoint.framework in Frameworks */,
			);
			runOnlyForDeploymentPostprocessing = 0;
		};
		DABB4EDD1EE1615B00443018 /* Frameworks */ = {
			isa = PBXFrameworksBuildPhase;
			buildActionMask = 2147483647;
			files = (
				FFD035FDF25C153845D7E13C /* Pods_webrtcClientTutorialpointTests.framework in Frameworks */,
			);
			runOnlyForDeploymentPostprocessing = 0;
		};
		DABB4EE81EE1615B00443018 /* Frameworks */ = {
			isa = PBXFrameworksBuildPhase;
			buildActionMask = 2147483647;
			files = (
				A2803558D398CD137F204952 /* Pods_webrtcClientTutorialpointUITests.framework in Frameworks */,
			);
			runOnlyForDeploymentPostprocessing = 0;
		};
/* End PBXFrameworksBuildPhase section */

/* Begin PBXGroup section */
		6F9C4F92E3F649300CE26482 /* Frameworks */ = {
			isa = PBXGroup;
			children = (
				CE65BEEFEAD5CAF35ECEB3CC /* Pods_webrtcClientTutorialpoint.framework */,
				C86FBA7A2FC9F63C3B50FCA7 /* Pods_webrtcClientTutorialpointTests.framework */,
				D5C9EE094B999207A93C15DD /* Pods_webrtcClientTutorialpointUITests.framework */,
			);
			name = Frameworks;
			sourceTree = "<group>";
		};
		C424CA769141EA06E44C383C /* Pods */ = {
			isa = PBXGroup;
			children = (
				1DB329128E6FC04A6B60DF8A /* Pods-webrtcClientTutorialpoint.debug.xcconfig */,
				A566FB3B4462A17565AB977F /* Pods-webrtcClientTutorialpoint.release.xcconfig */,
				4FF8907C93C5E3773791986B /* Pods-webrtcClientTutorialpointTests.debug.xcconfig */,
				4C47B078586EB129720028CE /* Pods-webrtcClientTutorialpointTests.release.xcconfig */,
				72602535CB2D1C6D451DDD8F /* Pods-webrtcClientTutorialpointUITests.debug.xcconfig */,
				71B7B09505DB8BA6E78842C7 /* Pods-webrtcClientTutorialpointUITests.release.xcconfig */,
			);
			name = Pods;
			sourceTree = "<group>";
		};
		DABB4EC31EE1615B00443018 = {
			isa = PBXGroup;
			children = (
				DABB4ECE1EE1615B00443018 /* webrtcClientTutorialpoint */,
				DABB4EE31EE1615B00443018 /* webrtcClientTutorialpointTests */,
				DABB4EEE1EE1615B00443018 /* webrtcClientTutorialpointUITests */,
				DABB4ECD1EE1615B00443018 /* Products */,
				C424CA769141EA06E44C383C /* Pods */,
				6F9C4F92E3F649300CE26482 /* Frameworks */,
			);
			sourceTree = "<group>";
		};
		DABB4ECD1EE1615B00443018 /* Products */ = {
			isa = PBXGroup;
			children = (
				DABB4ECC1EE1615B00443018 /* webrtcClientTutorialpoint.app */,
				DABB4EE01EE1615B00443018 /* webrtcClientTutorialpointTests.xctest */,
				DABB4EEB1EE1615B00443018 /* webrtcClientTutorialpointUITests.xctest */,
			);
			name = Products;
			sourceTree = "<group>";
		};
		DABB4ECE1EE1615B00443018 /* webrtcClientTutorialpoint */ = {
			isa = PBXGroup;
			children = (
				DABB4ECF1EE1615B00443018 /* AppDelegate.swift */,
				DABB4ED11EE1615B00443018 /* ViewController.swift */,
				DABB4ED31EE1615B00443018 /* Main.storyboard */,
				DABB4ED61EE1615B00443018 /* Assets.xcassets */,
				DABB4ED81EE1615B00443018 /* LaunchScreen.storyboard */,
				DABB4EDB1EE1615B00443018 /* Info.plist */,
				DABB4EFD1EE1668A00443018 /* webrtcClientTutorialpoint-Bridging-Header.h */,
				DABB4F011EE1732700443018 /* extensions.swift */,
				DADFD08E1EE9158E003B7981 /* RTCVideoViewController.swift */,
			);
			path = webrtcClientTutorialpoint;
			sourceTree = "<group>";
		};
		DABB4EE31EE1615B00443018 /* webrtcClientTutorialpointTests */ = {
			isa = PBXGroup;
			children = (
				DABB4EE41EE1615B00443018 /* webrtcClientTutorialpointTests.swift */,
				DABB4EE61EE1615B00443018 /* Info.plist */,
			);
			path = webrtcClientTutorialpointTests;
			sourceTree = "<group>";
		};
		DABB4EEE1EE1615B00443018 /* webrtcClientTutorialpointUITests */ = {
			isa = PBXGroup;
			children = (
				DABB4EEF1EE1615B00443018 /* webrtcClientTutorialpointUITests.swift */,
				DABB4EF11EE1615B00443018 /* Info.plist */,
			);
			path = webrtcClientTutorialpointUITests;
			sourceTree = "<group>";
		};
/* End PBXGroup section */

/* Begin PBXNativeTarget section */
		DABB4ECB1EE1615B00443018 /* webrtcClientTutorialpoint */ = {
			isa = PBXNativeTarget;
			buildConfigurationList = DABB4EF41EE1615B00443018 /* Build configuration list for PBXNativeTarget "webrtcClientTutorialpoint" */;
			buildPhases = (
				421FA61F1F8DF1E28B3AC91E /* [CP] Check Pods Manifest.lock */,
				DABB4EC81EE1615B00443018 /* Sources */,
				DABB4EC91EE1615B00443018 /* Frameworks */,
				DABB4ECA1EE1615B00443018 /* Resources */,
				C37D3BCAE71AE2FC170528AE /* [CP] Embed Pods Frameworks */,
				C2C62A9976EC49C8F8FAC846 /* [CP] Copy Pods Resources */,
			);
			buildRules = (
			);
			dependencies = (
			);
			name = webrtcClientTutorialpoint;
			productName = webrtcClientTutorialpoint;
			productReference = DABB4ECC1EE1615B00443018 /* webrtcClientTutorialpoint.app */;
			productType = "com.apple.product-type.application";
		};
		DABB4EDF1EE1615B00443018 /* webrtcClientTutorialpointTests */ = {
			isa = PBXNativeTarget;
			buildConfigurationList = DABB4EF71EE1615B00443018 /* Build configuration list for PBXNativeTarget "webrtcClientTutorialpointTests" */;
			buildPhases = (
				44A2E052B81D1ADD0292BEBE /* [CP] Check Pods Manifest.lock */,
				DABB4EDC1EE1615B00443018 /* Sources */,
				DABB4EDD1EE1615B00443018 /* Frameworks */,
				DABB4EDE1EE1615B00443018 /* Resources */,
				C4AB921F7C4EC3582BB76D55 /* [CP] Embed Pods Frameworks */,
				CBDE57EFBBE33AB0D744C100 /* [CP] Copy Pods Resources */,
			);
			buildRules = (
			);
			dependencies = (
				DABB4EE21EE1615B00443018 /* PBXTargetDependency */,
			);
			name = webrtcClientTutorialpointTests;
			productName = webrtcClientTutorialpointTests;
			productReference = DABB4EE01EE1615B00443018 /* webrtcClientTutorialpointTests.xctest */;
			productType = "com.apple.product-type.bundle.unit-test";
		};
		DABB4EEA1EE1615B00443018 /* webrtcClientTutorialpointUITests */ = {
			isa = PBXNativeTarget;
			buildConfigurationList = DABB4EFA1EE1615B00443018 /* Build configuration list for PBXNativeTarget "webrtcClientTutorialpointUITests" */;
			buildPhases = (
				331A915C00A912AD158EBAB9 /* [CP] Check Pods Manifest.lock */,
				DABB4EE71EE1615B00443018 /* Sources */,
				DABB4EE81EE1615B00443018 /* Frameworks */,
				DABB4EE91EE1615B00443018 /* Resources */,
				D5E56E06244407EC004EA840 /* [CP] Embed Pods Frameworks */,
				A36693807AFC70953EAB763F /* [CP] Copy Pods Resources */,
			);
			buildRules = (
			);
			dependencies = (
				DABB4EED1EE1615B00443018 /* PBXTargetDependency */,
			);
			name = webrtcClientTutorialpointUITests;
			productName = webrtcClientTutorialpointUITests;
			productReference = DABB4EEB1EE1615B00443018 /* webrtcClientTutorialpointUITests.xctest */;
			productType = "com.apple.product-type.bundle.ui-testing";
		};
/* End PBXNativeTarget section */

/* Begin PBXProject section */
		DABB4EC41EE1615B00443018 /* Project object */ = {
			isa = PBXProject;
			attributes = {
				LastSwiftUpdateCheck = 0830;
				LastUpgradeCheck = 0920;
				ORGANIZATIONNAME = "ajay singh thakur";
				TargetAttributes = {
					DABB4ECB1EE1615B00443018 = {
						CreatedOnToolsVersion = 8.3.2;
						DevelopmentTeam = B8EW4ZR4B4;
						LastSwiftMigration = 0830;
						ProvisioningStyle = Automatic;
					};
					DABB4EDF1EE1615B00443018 = {
						CreatedOnToolsVersion = 8.3.2;
						DevelopmentTeam = B8EW4ZR4B4;
						ProvisioningStyle = Automatic;
						TestTargetID = DABB4ECB1EE1615B00443018;
					};
					DABB4EEA1EE1615B00443018 = {
						CreatedOnToolsVersion = 8.3.2;
						DevelopmentTeam = B8EW4ZR4B4;
						ProvisioningStyle = Automatic;
						TestTargetID = DABB4ECB1EE1615B00443018;
					};
				};
			};
			buildConfigurationList = DABB4EC71EE1615B00443018 /* Build configuration list for PBXProject "webrtcClientTutorialpoint" */;
			compatibilityVersion = "Xcode 3.2";
			developmentRegion = English;
			hasScannedForEncodings = 0;
			knownRegions = (
				en,
				Base,
			);
			mainGroup = DABB4EC31EE1615B00443018;
			productRefGroup = DABB4ECD1EE1615B00443018 /* Products */;
			projectDirPath = "";
			projectRoot = "";
			targets = (
				DABB4ECB1EE1615B00443018 /* webrtcClientTutorialpoint */,
				DABB4EDF1EE1615B00443018 /* webrtcClientTutorialpointTests */,
				DABB4EEA1EE1615B00443018 /* webrtcClientTutorialpointUITests */,
			);
		};
/* End PBXProject section */

/* Begin PBXResourcesBuildPhase section */
		DABB4ECA1EE1615B00443018 /* Resources */ = {
			isa = PBXResourcesBuildPhase;
			buildActionMask = 2147483647;
			files = (
				DABB4EDA1EE1615B00443018 /* LaunchScreen.storyboard in Resources */,
				DABB4ED71EE1615B00443018 /* Assets.xcassets in Resources */,
				DABB4ED51EE1615B00443018 /* Main.storyboard in Resources */,
			);
			runOnlyForDeploymentPostprocessing = 0;
		};
		DABB4EDE1EE1615B00443018 /* Resources */ = {
			isa = PBXResourcesBuildPhase;
			buildActionMask = 2147483647;
			files = (
			);
			runOnlyForDeploymentPostprocessing = 0;
		};
		DABB4EE91EE1615B00443018 /* Resources */ = {
			isa = PBXResourcesBuildPhase;
			buildActionMask = 2147483647;
			files = (
			);
			runOnlyForDeploymentPostprocessing = 0;
		};
/* End PBXResourcesBuildPhase section */

/* Begin PBXShellScriptBuildPhase section */
		331A915C00A912AD158EBAB9 /* [CP] Check Pods Manifest.lock */ = {
			isa = PBXShellScriptBuildPhase;
			buildActionMask = 2147483647;
			files = (
			);
			inputPaths = (
				"${PODS_PODFILE_DIR_PATH}/Podfile.lock",
				"${PODS_ROOT}/Manifest.lock",
			);
			name = "[CP] Check Pods Manifest.lock";
			outputPaths = (
				"$(DERIVED_FILE_DIR)/Pods-webrtcClientTutorialpointUITests-checkManifestLockResult.txt",
			);
			runOnlyForDeploymentPostprocessing = 0;
			shellPath = /bin/sh;
			shellScript = "diff \"${PODS_PODFILE_DIR_PATH}/Podfile.lock\" \"${PODS_ROOT}/Manifest.lock\" > /dev/null\nif [ $? != 0 ] ; then\n    # print error to STDERR\n    echo \"error: The sandbox is not in sync with the Podfile.lock. Run 'pod install' or update your CocoaPods installation.\" >&2\n    exit 1\nfi\n# This output is used by Xcode 'outputs' to avoid re-running this script phase.\necho \"SUCCESS\" > \"${SCRIPT_OUTPUT_FILE_0}\"\n";
			showEnvVarsInLog = 0;
		};
		421FA61F1F8DF1E28B3AC91E /* [CP] Check Pods Manifest.lock */ = {
			isa = PBXShellScriptBuildPhase;
			buildActionMask = 2147483647;
			files = (
			);
			inputPaths = (
				"${PODS_PODFILE_DIR_PATH}/Podfile.lock",
				"${PODS_ROOT}/Manifest.lock",
			);
			name = "[CP] Check Pods Manifest.lock";
			outputPaths = (
				"$(DERIVED_FILE_DIR)/Pods-webrtcClientTutorialpoint-checkManifestLockResult.txt",
			);
			runOnlyForDeploymentPostprocessing = 0;
			shellPath = /bin/sh;
			shellScript = "diff \"${PODS_PODFILE_DIR_PATH}/Podfile.lock\" \"${PODS_ROOT}/Manifest.lock\" > /dev/null\nif [ $? != 0 ] ; then\n    # print error to STDERR\n    echo \"error: The sandbox is not in sync with the Podfile.lock. Run 'pod install' or update your CocoaPods installation.\" >&2\n    exit 1\nfi\n# This output is used by Xcode 'outputs' to avoid re-running this script phase.\necho \"SUCCESS\" > \"${SCRIPT_OUTPUT_FILE_0}\"\n";
			showEnvVarsInLog = 0;
		};
		44A2E052B81D1ADD0292BEBE /* [CP] Check Pods Manifest.lock */ = {
			isa = PBXShellScriptBuildPhase;
			buildActionMask = 2147483647;
			files = (
			);
			inputPaths = (
				"${PODS_PODFILE_DIR_PATH}/Podfile.lock",
				"${PODS_ROOT}/Manifest.lock",
			);
			name = "[CP] Check Pods Manifest.lock";
			outputPaths = (
				"$(DERIVED_FILE_DIR)/Pods-webrtcClientTutorialpointTests-checkManifestLockResult.txt",
			);
			runOnlyForDeploymentPostprocessing = 0;
			shellPath = /bin/sh;
			shellScript = "diff \"${PODS_PODFILE_DIR_PATH}/Podfile.lock\" \"${PODS_ROOT}/Manifest.lock\" > /dev/null\nif [ $? != 0 ] ; then\n    # print error to STDERR\n    echo \"error: The sandbox is not in sync with the Podfile.lock. Run 'pod install' or update your CocoaPods installation.\" >&2\n    exit 1\nfi\n# This output is used by Xcode 'outputs' to avoid re-running this script phase.\necho \"SUCCESS\" > \"${SCRIPT_OUTPUT_FILE_0}\"\n";
			showEnvVarsInLog = 0;
		};
		A36693807AFC70953EAB763F /* [CP] Copy Pods Resources */ = {
			isa = PBXShellScriptBuildPhase;
			buildActionMask = 2147483647;
			files = (
			);
			inputPaths = (
			);
			name = "[CP] Copy Pods Resources";
			outputPaths = (
			);
			runOnlyForDeploymentPostprocessing = 0;
			shellPath = /bin/sh;
			shellScript = "\"${SRCROOT}/Pods/Target Support Files/Pods-webrtcClientTutorialpointUITests/Pods-webrtcClientTutorialpointUITests-resources.sh\"\n";
			showEnvVarsInLog = 0;
		};
		C2C62A9976EC49C8F8FAC846 /* [CP] Copy Pods Resources */ = {
			isa = PBXShellScriptBuildPhase;
			buildActionMask = 2147483647;
			files = (
			);
			inputPaths = (
			);
			name = "[CP] Copy Pods Resources";
			outputPaths = (
			);
			runOnlyForDeploymentPostprocessing = 0;
			shellPath = /bin/sh;
			shellScript = "\"${SRCROOT}/Pods/Target Support Files/Pods-webrtcClientTutorialpoint/Pods-webrtcClientTutorialpoint-resources.sh\"\n";
			showEnvVarsInLog = 0;
		};
		C37D3BCAE71AE2FC170528AE /* [CP] Embed Pods Frameworks */ = {
			isa = PBXShellScriptBuildPhase;
			buildActionMask = 2147483647;
			files = (
			);
			inputPaths = (
				"${SRCROOT}/Pods/Target Support Files/Pods-webrtcClientTutorialpoint/Pods-webrtcClientTutorialpoint-frameworks.sh",
				"${BUILT_PRODUCTS_DIR}/Starscream/Starscream.framework",
			);
			name = "[CP] Embed Pods Frameworks";
			outputPaths = (
				"${TARGET_BUILD_DIR}/${FRAMEWORKS_FOLDER_PATH}/Starscream.framework",
			);
			runOnlyForDeploymentPostprocessing = 0;
			shellPath = /bin/sh;
			shellScript = "\"${SRCROOT}/Pods/Target Support Files/Pods-webrtcClientTutorialpoint/Pods-webrtcClientTutorialpoint-frameworks.sh\"\n";
			showEnvVarsInLog = 0;
		};
		C4AB921F7C4EC3582BB76D55 /* [CP] Embed Pods Frameworks */ = {
			isa = PBXShellScriptBuildPhase;
			buildActionMask = 2147483647;
			files = (
			);
			inputPaths = (
			);
			name = "[CP] Embed Pods Frameworks";
			outputPaths = (
			);
			runOnlyForDeploymentPostprocessing = 0;
			shellPath = /bin/sh;
			shellScript = "\"${SRCROOT}/Pods/Target Support Files/Pods-webrtcClientTutorialpointTests/Pods-webrtcClientTutorialpointTests-frameworks.sh\"\n";
			showEnvVarsInLog = 0;
		};
		CBDE57EFBBE33AB0D744C100 /* [CP] Copy Pods Resources */ = {
			isa = PBXShellScriptBuildPhase;
			buildActionMask = 2147483647;
			files = (
			);
			inputPaths = (
			);
			name = "[CP] Copy Pods Resources";
			outputPaths = (
			);
			runOnlyForDeploymentPostprocessing = 0;
			shellPath = /bin/sh;
			shellScript = "\"${SRCROOT}/Pods/Target Support Files/Pods-webrtcClientTutorialpointTests/Pods-webrtcClientTutorialpointTests-resources.sh\"\n";
			showEnvVarsInLog = 0;
		};
		D5E56E06244407EC004EA840 /* [CP] Embed Pods Frameworks */ = {
			isa = PBXShellScriptBuildPhase;
			buildActionMask = 2147483647;
			files = (
			);
			inputPaths = (
			);
			name = "[CP] Embed Pods Frameworks";
			outputPaths = (
			);
			runOnlyForDeploymentPostprocessing = 0;
			shellPath = /bin/sh;
			shellScript = "\"${SRCROOT}/Pods/Target Support Files/Pods-webrtcClientTutorialpointUITests/Pods-webrtcClientTutorialpointUITests-frameworks.sh\"\n";
			showEnvVarsInLog = 0;
		};
/* End PBXShellScriptBuildPhase section */

/* Begin PBXSourcesBuildPhase section */
		DABB4EC81EE1615B00443018 /* Sources */ = {
			isa = PBXSourcesBuildPhase;
			buildActionMask = 2147483647;
			files = (
				DABB4ED21EE1615B00443018 /* ViewController.swift in Sources */,
				DABB4ED01EE1615B00443018 /* AppDelegate.swift in Sources */,
				DADFD08F1EE9158E003B7981 /* RTCVideoViewController.swift in Sources */,
				DABB4F021EE1732700443018 /* extensions.swift in Sources */,
			);
			runOnlyForDeploymentPostprocessing = 0;
		};
		DABB4EDC1EE1615B00443018 /* Sources */ = {
			isa = PBXSourcesBuildPhase;
			buildActionMask = 2147483647;
			files = (
				DABB4EE51EE1615B00443018 /* webrtcClientTutorialpointTests.swift in Sources */,
			);
			runOnlyForDeploymentPostprocessing = 0;
		};
		DABB4EE71EE1615B00443018 /* Sources */ = {
			isa = PBXSourcesBuildPhase;
			buildActionMask = 2147483647;
			files = (
				DABB4EF01EE1615B00443018 /* webrtcClientTutorialpointUITests.swift in Sources */,
			);
			runOnlyForDeploymentPostprocessing = 0;
		};
/* End PBXSourcesBuildPhase section */

/* Begin PBXTargetDependency section */
		DABB4EE21EE1615B00443018 /* PBXTargetDependency */ = {
			isa = PBXTargetDependency;
			target = DABB4ECB1EE1615B00443018 /* webrtcClientTutorialpoint */;
			targetProxy = DABB4EE11EE1615B00443018 /* PBXContainerItemProxy */;
		};
		DABB4EED1EE1615B00443018 /* PBXTargetDependency */ = {
			isa = PBXTargetDependency;
			target = DABB4ECB1EE1615B00443018 /* webrtcClientTutorialpoint */;
			targetProxy = DABB4EEC1EE1615B00443018 /* PBXContainerItemProxy */;
		};
/* End PBXTargetDependency section */

/* Begin PBXVariantGroup section */
		DABB4ED31EE1615B00443018 /* Main.storyboard */ = {
			isa = PBXVariantGroup;
			children = (
				DABB4ED41EE1615B00443018 /* Base */,
			);
			name = Main.storyboard;
			sourceTree = "<group>";
		};
		DABB4ED81EE1615B00443018 /* LaunchScreen.storyboard */ = {
			isa = PBXVariantGroup;
			children = (
				DABB4ED91EE1615B00443018 /* Base */,
			);
			name = LaunchScreen.storyboard;
			sourceTree = "<group>";
		};
/* End PBXVariantGroup section */

/* Begin XCBuildConfiguration section */
		DABB4EF21EE1615B00443018 /* Debug */ = {
			isa = XCBuildConfiguration;
			buildSettings = {
				ALWAYS_SEARCH_USER_PATHS = NO;
				CLANG_ANALYZER_NONNULL = YES;
				CLANG_ANALYZER_NUMBER_OBJECT_CONVERSION = YES_AGGRESSIVE;
				CLANG_CXX_LANGUAGE_STANDARD = "gnu++0x";
				CLANG_CXX_LIBRARY = "libc++";
				CLANG_ENABLE_MODULES = YES;
				CLANG_ENABLE_OBJC_ARC = YES;
				CLANG_WARN_BLOCK_CAPTURE_AUTORELEASING = YES;
				CLANG_WARN_BOOL_CONVERSION = YES;
				CLANG_WARN_COMMA = YES;
				CLANG_WARN_CONSTANT_CONVERSION = YES;
				CLANG_WARN_DIRECT_OBJC_ISA_USAGE = YES_ERROR;
				CLANG_WARN_DOCUMENTATION_COMMENTS = YES;
				CLANG_WARN_EMPTY_BODY = YES;
				CLANG_WARN_ENUM_CONVERSION = YES;
				CLANG_WARN_INFINITE_RECURSION = YES;
				CLANG_WARN_INT_CONVERSION = YES;
				CLANG_WARN_NON_LITERAL_NULL_CONVERSION = YES;
				CLANG_WARN_OBJC_LITERAL_CONVERSION = YES;
				CLANG_WARN_OBJC_ROOT_CLASS = YES_ERROR;
				CLANG_WARN_RANGE_LOOP_ANALYSIS = YES;
				CLANG_WARN_STRICT_PROTOTYPES = YES;
				CLANG_WARN_SUSPICIOUS_MOVE = YES;
				CLANG_WARN_UNREACHABLE_CODE = YES;
				CLANG_WARN__DUPLICATE_METHOD_MATCH = YES;
				"CODE_SIGN_IDENTITY[sdk=iphoneos*]" = "iPhone Developer";
				COPY_PHASE_STRIP = NO;
				DEBUG_INFORMATION_FORMAT = dwarf;
				ENABLE_STRICT_OBJC_MSGSEND = YES;
				ENABLE_TESTABILITY = YES;
				GCC_C_LANGUAGE_STANDARD = gnu99;
				GCC_DYNAMIC_NO_PIC = NO;
				GCC_NO_COMMON_BLOCKS = YES;
				GCC_OPTIMIZATION_LEVEL = 0;
				GCC_PREPROCESSOR_DEFINITIONS = (
					"DEBUG=1",
					"$(inherited)",
				);
				GCC_WARN_64_TO_32_BIT_CONVERSION = YES;
				GCC_WARN_ABOUT_RETURN_TYPE = YES_ERROR;
				GCC_WARN_UNDECLARED_SELECTOR = YES;
				GCC_WARN_UNINITIALIZED_AUTOS = YES_AGGRESSIVE;
				GCC_WARN_UNUSED_FUNCTION = YES;
				GCC_WARN_UNUSED_VARIABLE = YES;
				IPHONEOS_DEPLOYMENT_TARGET = 10.3;
				MTL_ENABLE_DEBUG_INFO = YES;
				ONLY_ACTIVE_ARCH = YES;
				SDKROOT = iphoneos;
				SWIFT_ACTIVE_COMPILATION_CONDITIONS = DEBUG;
				SWIFT_OPTIMIZATION_LEVEL = "-Onone";
				TARGETED_DEVICE_FAMILY = "1,2";
			};
			name = Debug;
		};
		DABB4EF31EE1615B00443018 /* Release */ = {
			isa = XCBuildConfiguration;
			buildSettings = {
				ALWAYS_SEARCH_USER_PATHS = NO;
				CLANG_ANALYZER_NONNULL = YES;
				CLANG_ANALYZER_NUMBER_OBJECT_CONVERSION = YES_AGGRESSIVE;
				CLANG_CXX_LANGUAGE_STANDARD = "gnu++0x";
				CLANG_CXX_LIBRARY = "libc++";
				CLANG_ENABLE_MODULES = YES;
				CLANG_ENABLE_OBJC_ARC = YES;
				CLANG_WARN_BLOCK_CAPTURE_AUTORELEASING = YES;
				CLANG_WARN_BOOL_CONVERSION = YES;
				CLANG_WARN_COMMA = YES;
				CLANG_WARN_CONSTANT_CONVERSION = YES;
				CLANG_WARN_DIRECT_OBJC_ISA_USAGE = YES_ERROR;
				CLANG_WARN_DOCUMENTATION_COMMENTS = YES;
				CLANG_WARN_EMPTY_BODY = YES;
				CLANG_WARN_ENUM_CONVERSION = YES;
				CLANG_WARN_INFINITE_RECURSION = YES;
				CLANG_WARN_INT_CONVERSION = YES;
				CLANG_WARN_NON_LITERAL_NULL_CONVERSION = YES;
				CLANG_WARN_OBJC_LITERAL_CONVERSION = YES;
				CLANG_WARN_OBJC_ROOT_CLASS = YES_ERROR;
				CLANG_WARN_RANGE_LOOP_ANALYSIS = YES;
				CLANG_WARN_STRICT_PROTOTYPES = YES;
				CLANG_WARN_SUSPICIOUS_MOVE = YES;
				CLANG_WARN_UNREACHABLE_CODE = YES;
				CLANG_WARN__DUPLICATE_METHOD_MATCH = YES;
				"CODE_SIGN_IDENTITY[sdk=iphoneos*]" = "iPhone Developer";
				COPY_PHASE_STRIP = NO;
				DEBUG_INFORMATION_FORMAT = "dwarf-with-dsym";
				ENABLE_NS_ASSERTIONS = NO;
				ENABLE_STRICT_OBJC_MSGSEND = YES;
				GCC_C_LANGUAGE_STANDARD = gnu99;
				GCC_NO_COMMON_BLOCKS = YES;
				GCC_WARN_64_TO_32_BIT_CONVERSION = YES;
				GCC_WARN_ABOUT_RETURN_TYPE = YES_ERROR;
				GCC_WARN_UNDECLARED_SELECTOR = YES;
				GCC_WARN_UNINITIALIZED_AUTOS = YES_AGGRESSIVE;
				GCC_WARN_UNUSED_FUNCTION = YES;
				GCC_WARN_UNUSED_VARIABLE = YES;
				IPHONEOS_DEPLOYMENT_TARGET = 10.3;
				MTL_ENABLE_DEBUG_INFO = NO;
				SDKROOT = iphoneos;
				SWIFT_OPTIMIZATION_LEVEL = "-Owholemodule";
				TARGETED_DEVICE_FAMILY = "1,2";
				VALIDATE_PRODUCT = YES;
			};
			name = Release;
		};
		DABB4EF51EE1615B00443018 /* Debug */ = {
			isa = XCBuildConfiguration;
			baseConfigurationReference = 1DB329128E6FC04A6B60DF8A /* Pods-webrtcClientTutorialpoint.debug.xcconfig */;
			buildSettings = {
				ASSETCATALOG_COMPILER_APPICON_NAME = AppIcon;
				CLANG_ENABLE_MODULES = YES;
				DEBUG_INFORMATION_FORMAT = "dwarf-with-dsym";
				DEVELOPMENT_TEAM = B8EW4ZR4B4;
				ENABLE_BITCODE = NO;
				INFOPLIST_FILE = webrtcClientTutorialpoint/Info.plist;
				IPHONEOS_DEPLOYMENT_TARGET = 10.0;
				LD_RUNPATH_SEARCH_PATHS = "$(inherited) @executable_path/Frameworks";
				PRODUCT_BUNDLE_IDENTIFIER = com.ajaysinghthakur.webrtcClientTutorialpoint;
				PRODUCT_NAME = "$(TARGET_NAME)";
				SWIFT_OBJC_BRIDGING_HEADER = "webrtcClientTutorialpoint/webrtcClientTutorialpoint-Bridging-Header.h";
				SWIFT_OPTIMIZATION_LEVEL = "-Onone";
				SWIFT_VERSION = 3.0;
			};
			name = Debug;
		};
		DABB4EF61EE1615B00443018 /* Release */ = {
			isa = XCBuildConfiguration;
			baseConfigurationReference = A566FB3B4462A17565AB977F /* Pods-webrtcClientTutorialpoint.release.xcconfig */;
			buildSettings = {
				ASSETCATALOG_COMPILER_APPICON_NAME = AppIcon;
				CLANG_ENABLE_MODULES = YES;
				DEVELOPMENT_TEAM = B8EW4ZR4B4;
				ENABLE_BITCODE = NO;
				INFOPLIST_FILE = webrtcClientTutorialpoint/Info.plist;
				IPHONEOS_DEPLOYMENT_TARGET = 10.0;
				LD_RUNPATH_SEARCH_PATHS = "$(inherited) @executable_path/Frameworks";
				PRODUCT_BUNDLE_IDENTIFIER = com.ajaysinghthakur.webrtcClientTutorialpoint;
				PRODUCT_NAME = "$(TARGET_NAME)";
				SWIFT_OBJC_BRIDGING_HEADER = "webrtcClientTutorialpoint/webrtcClientTutorialpoint-Bridging-Header.h";
				SWIFT_VERSION = 3.0;
			};
			name = Release;
		};
		DABB4EF81EE1615B00443018 /* Debug */ = {
			isa = XCBuildConfiguration;
			baseConfigurationReference = 4FF8907C93C5E3773791986B /* Pods-webrtcClientTutorialpointTests.debug.xcconfig */;
			buildSettings = {
				ALWAYS_EMBED_SWIFT_STANDARD_LIBRARIES = YES;
				BUNDLE_LOADER = "$(TEST_HOST)";
				DEVELOPMENT_TEAM = B8EW4ZR4B4;
				INFOPLIST_FILE = webrtcClientTutorialpointTests/Info.plist;
				LD_RUNPATH_SEARCH_PATHS = "$(inherited) @executable_path/Frameworks @loader_path/Frameworks";
				PRODUCT_BUNDLE_IDENTIFIER = com.ajaysinghthakur.webrtcClientTutorialpointTests;
				PRODUCT_NAME = "$(TARGET_NAME)";
				SWIFT_VERSION = 3.0;
				TEST_HOST = "$(BUILT_PRODUCTS_DIR)/webrtcClientTutorialpoint.app/webrtcClientTutorialpoint";
			};
			name = Debug;
		};
		DABB4EF91EE1615B00443018 /* Release */ = {
			isa = XCBuildConfiguration;
			baseConfigurationReference = 4C47B078586EB129720028CE /* Pods-webrtcClientTutorialpointTests.release.xcconfig */;
			buildSettings = {
				ALWAYS_EMBED_SWIFT_STANDARD_LIBRARIES = YES;
				BUNDLE_LOADER = "$(TEST_HOST)";
				DEVELOPMENT_TEAM = B8EW4ZR4B4;
				INFOPLIST_FILE = webrtcClientTutorialpointTests/Info.plist;
				LD_RUNPATH_SEARCH_PATHS = "$(inherited) @executable_path/Frameworks @loader_path/Frameworks";
				PRODUCT_BUNDLE_IDENTIFIER = com.ajaysinghthakur.webrtcClientTutorialpointTests;
				PRODUCT_NAME = "$(TARGET_NAME)";
				SWIFT_VERSION = 3.0;
				TEST_HOST = "$(BUILT_PRODUCTS_DIR)/webrtcClientTutorialpoint.app/webrtcClientTutorialpoint";
			};
			name = Release;
		};
		DABB4EFB1EE1615B00443018 /* Debug */ = {
			isa = XCBuildConfiguration;
			baseConfigurationReference = 72602535CB2D1C6D451DDD8F /* Pods-webrtcClientTutorialpointUITests.debug.xcconfig */;
			buildSettings = {
				ALWAYS_EMBED_SWIFT_STANDARD_LIBRARIES = YES;
				DEVELOPMENT_TEAM = B8EW4ZR4B4;
				INFOPLIST_FILE = webrtcClientTutorialpointUITests/Info.plist;
				LD_RUNPATH_SEARCH_PATHS = "$(inherited) @executable_path/Frameworks @loader_path/Frameworks";
				PRODUCT_BUNDLE_IDENTIFIER = com.ajaysinghthakur.webrtcClientTutorialpointUITests;
				PRODUCT_NAME = "$(TARGET_NAME)";
				SWIFT_VERSION = 3.0;
				TEST_TARGET_NAME = webrtcClientTutorialpoint;
			};
			name = Debug;
		};
		DABB4EFC1EE1615B00443018 /* Release */ = {
			isa = XCBuildConfiguration;
			baseConfigurationReference = 71B7B09505DB8BA6E78842C7 /* Pods-webrtcClientTutorialpointUITests.release.xcconfig */;
			buildSettings = {
				ALWAYS_EMBED_SWIFT_STANDARD_LIBRARIES = YES;
				DEVELOPMENT_TEAM = B8EW4ZR4B4;
				INFOPLIST_FILE = webrtcClientTutorialpointUITests/Info.plist;
				LD_RUNPATH_SEARCH_PATHS = "$(inherited) @executable_path/Frameworks @loader_path/Frameworks";
				PRODUCT_BUNDLE_IDENTIFIER = com.ajaysinghthakur.webrtcClientTutorialpointUITests;
				PRODUCT_NAME = "$(TARGET_NAME)";
				SWIFT_VERSION = 3.0;
				TEST_TARGET_NAME = webrtcClientTutorialpoint;
			};
			name = Release;
		};
/* End XCBuildConfiguration section */

/* Begin XCConfigurationList section */
		DABB4EC71EE1615B00443018 /* Build configuration list for PBXProject "webrtcClientTutorialpoint" */ = {
			isa = XCConfigurationList;
			buildConfigurations = (
				DABB4EF21EE1615B00443018 /* Debug */,
				DABB4EF31EE1615B00443018 /* Release */,
			);
			defaultConfigurationIsVisible = 0;
			defaultConfigurationName = Release;
		};
		DABB4EF41EE1615B00443018 /* Build configuration list for PBXNativeTarget "webrtcClientTutorialpoint" */ = {
			isa = XCConfigurationList;
			buildConfigurations = (
				DABB4EF51EE1615B00443018 /* Debug */,
				DABB4EF61EE1615B00443018 /* Release */,
			);
			defaultConfigurationIsVisible = 0;
			defaultConfigurationName = Release;
		};
		DABB4EF71EE1615B00443018 /* Build configuration list for PBXNativeTarget "webrtcClientTutorialpointTests" */ = {
			isa = XCConfigurationList;
			buildConfigurations = (
				DABB4EF81EE1615B00443018 /* Debug */,
				DABB4EF91EE1615B00443018 /* Release */,
			);
			defaultConfigurationIsVisible = 0;
			defaultConfigurationName = Release;
		};
		DABB4EFA1EE1615B00443018 /* Build configuration list for PBXNativeTarget "webrtcClientTutorialpointUITests" */ = {
			isa = XCConfigurationList;
			buildConfigurations = (
				DABB4EFB1EE1615B00443018 /* Debug */,
				DABB4EFC1EE1615B00443018 /* Release */,
			);
			defaultConfigurationIsVisible = 0;
			defaultConfigurationName = Release;
		};
/* End XCConfigurationList section */
	};
	rootObject = DABB4EC41EE1615B00443018 /* Project object */;
}
